
Microsoft Visual Studio Solution File, Format Version 12.00
# Visual Studio 15
VisualStudioVersion = 15.0.28307.1738
MinimumVisualStudioVersion = 10.0.40219.1
Project("{D2ABAB84-BF74-430A-B69E-9DC6D40DDA17}") = "SSAS", "SSAS\SSAS.dwproj", "{D1D8889F-81E6-416C-BDAE-7350756F9856}"
EndProject
Global
	GlobalSection(SolutionConfigurationPlatforms) = preSolution
		Development|Default = Development|Default
	EndGlobalSection
	GlobalSection(ProjectConfigurationPlatforms) = postSolution
		{D1D8889F-81E6-416C-BDAE-7350756F9856}.Development|Default.ActiveCfg = Development
		{D1D8889F-81E6-416C-BDAE-7350756F9856}.Development|Default.Build.0 = Development
		{D1D8889F-81E6-416C-BDAE-7350756F9856}.Development|Default.Deploy.0 = Development
	EndGlobalSection
	GlobalSection(SolutionProperties) = preSolution
		HideSolutionNode = FALSE
	EndGlobalSection
	GlobalSection(ExtensibilityGlobals) = postSolution
		SolutionGuid = {03A94873-9604-4268-B712-C6873D70AD42}
	EndGlobalSection
EndGlobal
